// !$*UTF8*$!
{
	archiveVersion = 1;
	classes = {
	};
	objectVersion = 46;
	objects = {

/* Begin PBXBuildFile section */
		C2DDA59A1BFC847900F55FAD /* main.m in Sources */ = {isa = PBXBuildFile; fileRef = C2DDA5991BFC847900F55FAD /* main.m */; };
		C2DDA59D1BFC847A00F55FAD /* AppDelegate.m in Sources */ = {isa = PBXBuildFile; fileRef = C2DDA59C1BFC847A00F55FAD /* AppDelegate.m */; };
		C2DDA5A01BFC847A00F55FAD /* ViewController.m in Sources */ = {isa = PBXBuildFile; fileRef = C2DDA59F1BFC847A00F55FAD /* ViewController.m */; };
		C2DDA5A31BFC847A00F55FAD /* Main.storyboard in Resources */ = {isa = PBXBuildFile; fileRef = C2DDA5A11BFC847A00F55FAD /* Main.storyboard */; };
		C2DDA5A51BFC847A00F55FAD /* Assets.xcassets in Resources */ = {isa = PBXBuildFile; fileRef = C2DDA5A41BFC847A00F55FAD /* Assets.xcassets */; };
		C2DDA5A81BFC847A00F55FAD /* LaunchScreen.storyboard in Resources */ = {isa = PBXBuildFile; fileRef = C2DDA5A61BFC847A00F55FAD /* LaunchScreen.storyboard */; };
/* End PBXBuildFile section */

/* Begin PBXFileReference section */
		C2DDA5951BFC847900F55FAD /* test.app */ = {isa = PBXFileReference; explicitFileType = wrapper.application; includeInIndex = 0; path = test.app; sourceTree = BUILT_PRODUCTS_DIR; };
		C2DDA5991BFC847900F55FAD /* main.m */ = {isa = PBXFileReference; lastKnownFileType = sourcecode.c.objc; path = main.m; sourceTree = "<group>"; };
		C2DDA59B1BFC847900F55FAD /* AppDelegate.h */ = {isa = PBXFileReference; lastKnownFileType = sourcecode.c.h; path = AppDelegate.h; sourceTree = "<group>"; };
		C2DDA59C1BFC847A00F55FAD /* AppDelegate.m */ = {isa = PBXFileReference; lastKnownFileType = sourcecode.c.objc; path = AppDelegate.m; sourceTree = "<group>"; };
		C2DDA59E1BFC847A00F55FAD /* ViewController.h */ = {isa = PBXFileReference; lastKnownFileType = sourcecode.c.h; path = ViewController.h; sourceTree = "<group>"; };
		C2DDA59F1BFC847A00F55FAD /* ViewController.m */ = {isa = PBXFileReference; lastKnownFileType = sourcecode.c.objc; path = ViewController.m; sourceTree = "<group>"; };
		C2DDA5A21BFC847A00F55FAD /* Base */ = {isa = PBXFileReference; lastKnownFileType = file.storyboard; name = Base; path = Base.lproj/Main.storyboard; sourceTree = "<group>"; };
		C2DDA5A41BFC847A00F55FAD /* Assets.xcassets */ = {isa = PBXFileReference; lastKnownFileType = folder.assetcatalog; path = Assets.xcassets; sourceTree = "<group>"; };
		C2DDA5A71BFC847A00F55FAD /* Base */ = {isa = PBXFileReference; lastKnownFileType = file.storyboard; name = Base; path = Base.lproj/LaunchScreen.storyboard; sourceTree = "<group>"; };
		C2DDA5A91BFC847A00F55FAD /* Info.plist */ = {isa = PBXFileReference; lastKnownFileType = text.plist.xml; path = Info.plist; sourceTree = "<group>"; };
/* End PBXFileReference section */

/* Begin PBXFrameworksBuildPhase section */
		C2DDA5921BFC847900F55FAD /* Frameworks */ = {
			isa = PBXFrameworksBuildPhase;
			buildActionMask = 2147483647;
			files = (
			);
			runOnlyForDeploymentPostprocessing = 0;
		};
/* End PBXFrameworksBuildPhase section */

/* Begin PBXGroup section */
		C2DDA58C1BFC847900F55FAD = {
			isa = PBXGroup;
			children = (
				C2DDA5971BFC847900F55FAD /* test */,
				C2DDA5961BFC847900F55FAD /* Products */,
			);
			sourceTree = "<group>";
		};
		C2DDA5961BFC847900F55FAD /* Products */ = {
			isa = PBXGroup;
			children = (
				C2DDA5951BFC847900F55FAD /* test.app */,
			);
			name = Products;
			sourceTree = "<group>";
		};
		C2DDA5971BFC847900F55FAD /* test */ = {
			isa = PBXGroup;
			children = (
				C2DDA59B1BFC847900F55FAD /* AppDelegate.h */,
				C2DDA59C1BFC847A00F55FAD /* AppDelegate.m */,
				C2DDA59E1BFC847A00F55FAD /* ViewController.h */,
				C2DDA59F1BFC847A00F55FAD /* ViewController.m */,
				C2DDA5A11BFC847A00F55FAD /* Main.storyboard */,
				C2DDA5A41BFC847A00F55FAD /* Assets.xcassets */,
				C2DDA5A61BFC847A00F55FAD /* LaunchScreen.storyboard */,
				C2DDA5A91BFC847A00F55FAD /* Info.plist */,
				C2DDA5981BFC847900F55FAD /* Supporting Files */,
			);
			path = test;
			sourceTree = "<group>";
		};
		C2DDA5981BFC847900F55FAD /* Supporting Files */ = {
			isa = PBXGroup;
			children = (
				C2DDA5991BFC847900F55FAD /* main.m */,
			);
			name = "Supporting Files";
			sourceTree = "<group>";
		};
/* End PBXGroup section */

/* Begin PBXNativeTarget section */
		C2DDA5941BFC847900F55FAD /* test */ = {
			isa = PBXNativeTarget;
			buildConfigurationList = C2DDA5AC1BFC847A00F55FAD /* Build configuration list for PBXNativeTarget "test" */;
			buildPhases = (
				C2DDA5911BFC847900F55FAD /* Sources */,
				C2DDA5921BFC847900F55FAD /* Frameworks */,
				C2DDA5931BFC847900F55FAD /* Resources */,
			);
			buildRules = (
			);
			dependencies = (
			);
			name = test;
			productName = test;
			productReference = C2DDA5951BFC847900F55FAD /* test.app */;
			productType = "com.apple.product-type.application";
		};
/* End PBXNativeTarget section */

/* Begin PBXProject section */
		C2DDA58D1BFC847900F55FAD /* Project object */ = {
			isa = PBXProject;
			attributes = {
				LastUpgradeCheck = 0700;
				ORGANIZATIONNAME = "美国中情局";
				TargetAttributes = {
					C2DDA5941BFC847900F55FAD = {
						CreatedOnToolsVersion = 7.0.1;
					};
				};
			};
			buildConfigurationList = C2DDA5901BFC847900F55FAD /* Build configuration list for PBXProject "test" */;
			compatibilityVersion = "Xcode 3.2";
			developmentRegion = English;
			hasScannedForEncodings = 0;
			knownRegions = (
				en,
				Base,
			);
			mainGroup = C2DDA58C1BFC847900F55FAD;
			productRefGroup = C2DDA5961BFC847900F55FAD /* Products */;
			projectDirPath = "";
			projectRoot = "";
			targets = (
				C2DDA5941BFC847900F55FAD /* test */,
			);
		};
/* End PBXProject section */

/* Begin PBXResourcesBuildPhase section */
		C2DDA5931BFC847900F55FAD /* Resources */ = {
			isa = PBXResourcesBuildPhase;
			buildActionMask = 2147483647;
			files = (
				C2DDA5A81BFC847A00F55FAD /* LaunchScreen.storyboard in Resources */,
				C2DDA5A51BFC847A00F55FAD /* Assets.xcassets in Resources */,
				C2DDA5A31BFC847A00F55FAD /* Main.storyboard in Resources */,
			);
			runOnlyForDeploymentPostprocessing = 0;
		};
/* End PBXResourcesBuildPhase section */

/* Begin PBXSourcesBuildPhase section */
		C2DDA5911BFC847900F55FAD /* Sources */ = {
			isa = PBXSourcesBuildPhase;
			buildActionMask = 2147483647;
			files = (
				C2DDA5A01BFC847A00F55FAD /* ViewController.m in Sources */,
				C2DDA59D1BFC847A00F55FAD /* AppDelegate.m in Sources */,
				C2DDA59A1BFC847900F55FAD /* main.m in Sources */,
			);
			runOnlyForDeploymentPostprocessing = 0;
		};
/* End PBXSourcesBuildPhase section */

/* Begin PBXVariantGroup section */
		C2DDA5A11BFC847A00F55FAD /* Main.storyboard */ = {
			isa = PBXVariantGroup;
			children = (
				C2DDA5A21BFC847A00F55FAD /* Base */,
			);
			name = Main.storyboard;
			sourceTree = "<group>";
		};
		C2DDA5A61BFC847A00F55FAD /* LaunchScreen.storyboard */ = {
			isa = PBXVariantGroup;
			children = (
				C2DDA5A71BFC847A00F55FAD /* Base */,
			);
			name = LaunchScreen.storyboard;
			sourceTree = "<group>";
		};
/* End PBXVariantGroup section */

/* Begin XCBuildConfiguration section */
		C2DDA5AA1BFC847A00F55FAD /* Debug */ = {
			isa = XCBuildConfiguration;
			buildSettings = {
				ALWAYS_SEARCH_USER_PATHS = NO;
				CLANG_CXX_LANGUAGE_STANDARD = "gnu++0x";
				CLANG_CXX_LIBRARY = "libc++";
				CLANG_ENABLE_MODULES = YES;
				CLANG_ENABLE_OBJC_ARC = YES;
				CLANG_WARN_BOOL_CONVERSION = YES;
				CLANG_WARN_CONSTANT_CONVERSION = YES;
				CLANG_WARN_DIRECT_OBJC_ISA_USAGE = YES_ERROR;
				CLANG_WARN_EMPTY_BODY = YES;
				CLANG_WARN_ENUM_CONVERSION = YES;
				CLANG_WARN_INT_CONVERSION = YES;
				CLANG_WARN_OBJC_ROOT_CLASS = YES_ERROR;
				CLANG_WARN_UNREACHABLE_CODE = YES;
				CLANG_WARN__DUPLICATE_METHOD_MATCH = YES;
				"CODE_SIGN_IDENTITY[sdk=iphoneos*]" = "iPhone Developer";
				COPY_PHASE_STRIP = NO;
				DEBUG_INFORMATION_FORMAT = dwarf;
				ENABLE_STRICT_OBJC_MSGSEND = YES;
				ENABLE_TESTABILITY = YES;
				GCC_C_LANGUAGE_STANDARD = gnu99;
				GCC_DYNAMIC_NO_PIC = NO;
				GCC_NO_COMMON_BLOCKS = YES;
				GCC_OPTIMIZATION_LEVEL = 0;
				GCC_PREPROCESSOR_DEFINITIONS = (
					"DEBUG=1",
					"$(inherited)",
				);
				GCC_WARN_64_TO_32_BIT_CONVERSION = YES;
				GCC_WARN_ABOUT_RETURN_TYPE = YES_ERROR;
				GCC_WARN_UNDECLARED_SELECTOR = YES;
				GCC_WARN_UNINITIALIZED_AUTOS = YES_AGGRESSIVE;
				GCC_WARN_UNUSED_FUNCTION = YES;
				GCC_WARN_UNUSED_VARIABLE = YES;
				IPHONEOS_DEPLOYMENT_TARGET = 9.0;
				MTL_ENABLE_DEBUG_INFO = YES;
				ONLY_ACTIVE_ARCH = YES;
				SDKROOT = iphoneos;
			};
			name = Debug;
		};
		C2DDA5AB1BFC847A00F55FAD /* Release */ = {
			isa = XCBuildConfiguration;
			buildSettings = {
				ALWAYS_SEARCH_USER_PATHS = NO;
				CLANG_CXX_LANGUAGE_STANDARD = "gnu++0x";
				CLANG_CXX_LIBRARY = "libc++";
				CLANG_ENABLE_MODULES = YES;
				CLANG_ENABLE_OBJC_ARC = YES;
				CLANG_WARN_BOOL_CONVERSION = YES;
				CLANG_WARN_CONSTANT_CONVERSION = YES;
				CLANG_WARN_DIRECT_OBJC_ISA_USAGE = YES_ERROR;
				CLANG_WARN_EMPTY_BODY = YES;
				CLANG_WARN_ENUM_CONVERSION = YES;
				CLANG_WARN_INT_CONVERSION = YES;
				CLANG_WARN_OBJC_ROOT_CLASS = YES_ERROR;
				CLANG_WARN_UNREACHABLE_CODE = YES;
				CLANG_WARN__DUPLICATE_METHOD_MATCH = YES;
				"CODE_SIGN_IDENTITY[sdk=iphoneos*]" = "iPhone Developer";
				COPY_PHASE_STRIP = NO;
				DEBUG_INFORMATION_FORMAT = "dwarf-with-dsym";
				ENABLE_NS_ASSERTIONS = NO;
				ENABLE_STRICT_OBJC_MSGSEND = YES;
				GCC_C_LANGUAGE_STANDARD = gnu99;
				GCC_NO_COMMON_BLOCKS = YES;
				GCC_WARN_64_TO_32_BIT_CONVERSION = YES;
				GCC_WARN_ABOUT_RETURN_TYPE = YES_ERROR;
				GCC_WARN_UNDECLARED_SELECTOR = YES;
				GCC_WARN_UNINITIALIZED_AUTOS = YES_AGGRESSIVE;
				GCC_WARN_UNUSED_FUNCTION = YES;
				GCC_WARN_UNUSED_VARIABLE = YES;
				IPHONEOS_DEPLOYMENT_TARGET = 9.0;
				MTL_ENABLE_DEBUG_INFO = NO;
				SDKROOT = iphoneos;
				VALIDATE_PRODUCT = YES;
			};
			name = Release;
		};
		C2DDA5AD1BFC847A00F55FAD /* Debug */ = {
			isa = XCBuildConfiguration;
			buildSettings = {
				ASSETCATALOG_COMPILER_APPICON_NAME = AppIcon;
				INFOPLIST_FILE = test/Info.plist;
				LD_RUNPATH_SEARCH_PATHS = "$(inherited) @executable_path/Frameworks";
				PRODUCT_BUNDLE_IDENTIFIER = com.sss.test;
				PRODUCT_NAME = "$(TARGET_NAME)";
			};
			name = Debug;
		};
		C2DDA5AE1BFC847A00F55FAD /* Release */ = {
			isa = XCBuildConfiguration;
			buildSettings = {
				ASSETCATALOG_COMPILER_APPICON_NAME = AppIcon;
				INFOPLIST_FILE = test/Info.plist;
				LD_RUNPATH_SEARCH_PATHS = "$(inherited) @executable_path/Frameworks";
				PRODUCT_BUNDLE_IDENTIFIER = com.sss.test;
				PRODUCT_NAME = "$(TARGET_NAME)";
			};
			name = Release;
		};
/* End XCBuildConfiguration section */

/* Begin XCConfigurationList section */
		C2DDA5901BFC847900F55FAD /* Build configuration list for PBXProject "test" */ = {
			isa = XCConfigurationList;
			buildConfigurations = (
				C2DDA5AA1BFC847A00F55FAD /* Debug */,
				C2DDA5AB1BFC847A00F55FAD /* Release */,
			);
			defaultConfigurationIsVisible = 0;
			defaultConfigurationName = Release;
		};
		C2DDA5AC1BFC847A00F55FAD /* Build configuration list for PBXNativeTarget "test" */ = {
			isa = XCConfigurationList;
			buildConfigurations = (
				C2DDA5AD1BFC847A00F55FAD /* Debug */,
				C2DDA5AE1BFC847A00F55FAD /* Release */,
			);
			defaultConfigurationIsVisible = 0;
		};
/* End XCConfigurationList section */
	};
	rootObject = C2DDA58D1BFC847900F55FAD /* Project object */;
}
